PODS:
  - KMPNativeCoroutinesCombine (0.13.1):
    - KMPNativeCoroutinesCore (= 0.13.1)
  - KMPNativeCoroutinesCore (0.13.1)
  - shared (1.0)

DEPENDENCIES:
  - KMPNativeCoroutinesCombine
  - shared (from `../shared`)

SPEC REPOS:
  trunk:
    - KMPNativeCoroutinesCombine
    - KMPNativeCoroutinesCore

EXTERNAL SOURCES:
  shared:
    :path: "../shared"

SPEC CHECKSUMS:
  KMPNativeCoroutinesCombine: faa5064e9467f2fc406780de9171d0c9bb8704f5
  KMPNativeCoroutinesCore: af011852578ab7abdad5e5c17a25d272efb3516b
  shared: 595ca9fb88595314adbe6e3a495b5df24f86577b

PODFILE CHECKSUM: 377ed5b944f6ad74bd0737e63d1e212ef725ff0b

COCOAPODS: 1.11.3
